
Microsoft Visual Studio Solution File, Format Version 12.00
# Visual Studio Version 17
VisualStudioVersion = 17.5.33414.496
MinimumVisualStudioVersion = 10.0.40219.1
Project("{2150E333-8FDC-42A3-9474-1A3956D46DE8}") = "Depend", "Depend", "{6D027255-A7BC-45AD-8B6C-9DC4484222EE}"
EndProject
Project("{9A19103F-16F7-4668-BE54-9A1E7A4F7556}") = "LangTrainerFrontendWinForms", "LangTrainerFrontendWinForms\LangTrainerFrontendWinForms.csproj", "{8C7777A2-7E3E-4FD7-9A4E-7094D5337923}"
EndProject
Project("{9A19103F-16F7-4668-BE54-9A1E7A4F7556}") = "LangTrainerFrontendWinFormsTest", "LangTrainerFrontendWinFormsTest\LangTrainerFrontendWinFormsTest.csproj", "{6D76A1B7-4A8C-4207-85FC-90AF8F2924A2}"
EndProject
Project("{9A19103F-16F7-4668-BE54-9A1E7A4F7556}") = "LangTrainerEntity", "..\LangTrainerBackend\LangTrainerEntity\LangTrainerEntity.csproj", "{6576EBEC-B66F-45D1-B058-83B2ED172DC8}"
EndProject
Project("{9A19103F-16F7-4668-BE54-9A1E7A4F7556}") = "LangTrainerClientModel", "..\LangTrainerBackend\LangTrainerClientModel\LangTrainerClientModel.csproj", "{2667CA03-60A7-42A6-B876-001F622FF108}"
EndProject
Global
	GlobalSection(SolutionConfigurationPlatforms) = preSolution
		Debug|Any CPU = Debug|Any CPU
		Release|Any CPU = Release|Any CPU
	EndGlobalSection
	GlobalSection(ProjectConfigurationPlatforms) = postSolution
		{8C7777A2-7E3E-4FD7-9A4E-7094D5337923}.Debug|Any CPU.ActiveCfg = Debug|Any CPU
		{8C7777A2-7E3E-4FD7-9A4E-7094D5337923}.Debug|Any CPU.Build.0 = Debug|Any CPU
		{8C7777A2-7E3E-4FD7-9A4E-7094D5337923}.Release|Any CPU.ActiveCfg = Release|Any CPU
		{8C7777A2-7E3E-4FD7-9A4E-7094D5337923}.Release|Any CPU.Build.0 = Release|Any CPU
		{6D76A1B7-4A8C-4207-85FC-90AF8F2924A2}.Debug|Any CPU.ActiveCfg = Debug|Any CPU
		{6D76A1B7-4A8C-4207-85FC-90AF8F2924A2}.Debug|Any CPU.Build.0 = Debug|Any CPU
		{6D76A1B7-4A8C-4207-85FC-90AF8F2924A2}.Release|Any CPU.ActiveCfg = Release|Any CPU
		{6D76A1B7-4A8C-4207-85FC-90AF8F2924A2}.Release|Any CPU.Build.0 = Release|Any CPU
		{6576EBEC-B66F-45D1-B058-83B2ED172DC8}.Debug|Any CPU.ActiveCfg = Debug|Any CPU
		{6576EBEC-B66F-45D1-B058-83B2ED172DC8}.Debug|Any CPU.Build.0 = Debug|Any CPU
		{6576EBEC-B66F-45D1-B058-83B2ED172DC8}.Release|Any CPU.ActiveCfg = Release|Any CPU
		{6576EBEC-B66F-45D1-B058-83B2ED172DC8}.Release|Any CPU.Build.0 = Release|Any CPU
		{2667CA03-60A7-42A6-B876-001F622FF108}.Debug|Any CPU.ActiveCfg = Debug|Any CPU
		{2667CA03-60A7-42A6-B876-001F622FF108}.Debug|Any CPU.Build.0 = Debug|Any CPU
		{2667CA03-60A7-42A6-B876-001F622FF108}.Release|Any CPU.ActiveCfg = Release|Any CPU
		{2667CA03-60A7-42A6-B876-001F622FF108}.Release|Any CPU.Build.0 = Release|Any CPU
	EndGlobalSection
	GlobalSection(SolutionProperties) = preSolution
		HideSolutionNode = FALSE
	EndGlobalSection
	GlobalSection(NestedProjects) = preSolution
		{6576EBEC-B66F-45D1-B058-83B2ED172DC8} = {6D027255-A7BC-45AD-8B6C-9DC4484222EE}
		{2667CA03-60A7-42A6-B876-001F622FF108} = {6D027255-A7BC-45AD-8B6C-9DC4484222EE}
	EndGlobalSection
	GlobalSection(ExtensibilityGlobals) = postSolution
		SolutionGuid = {6CCF56F3-A9D9-4155-9710-5DDED36DE24B}
	EndGlobalSection
EndGlobal
